
Microsoft Visual Studio Solution File, Format Version 12.00
# Visual Studio Version 17
VisualStudioVersion = 17.3.32901.215
MinimumVisualStudioVersion = 10.0.40219.1
Project("{2150E333-8FDC-42A3-9474-1A3956D46DE8}") = "MovieAdvice", "MovieAdvice", "{634B0F80-211D-4DEA-8115-F24BE324A33D}"
EndProject
Project("{9A19103F-16F7-4668-BE54-9A1E7A4F7556}") = "Application", "MovieAdvice\Application\Application.csproj", "{688F45EE-0736-4A0C-8027-8FB803CEA9D9}"
EndProject
Project("{9A19103F-16F7-4668-BE54-9A1E7A4F7556}") = "Domain", "MovieAdvice\Domain\Domain.csproj", "{FED59798-ABC7-49F8-B6F4-A36F3A19E4DE}"
EndProject
Project("{9A19103F-16F7-4668-BE54-9A1E7A4F7556}") = "Persistance", "MovieAdvice\Persistance\Persistance.csproj", "{09454024-A0C9-4443-A1E9-22684818348D}"
EndProject
Project("{9A19103F-16F7-4668-BE54-9A1E7A4F7556}") = "WebAPI", "MovieAdvice\WebAPI\WebAPI.csproj", "{13EB3A70-4DE4-4EF3-AEBC-769551C9B7AE}"
EndProject
Project("{2150E333-8FDC-42A3-9474-1A3956D46DE8}") = "CorePackage", "CorePackage", "{DFF2FEF7-3403-4AA8-B0DB-9CE8F97068E1}"
EndProject
Project("{9A19103F-16F7-4668-BE54-9A1E7A4F7556}") = "Core.Persistance", "CorePackage\Core.Persistance\Core.Persistance.csproj", "{E0609A4F-56D7-4FB3-9204-B34A1C0A1D9C}"
EndProject
Project("{9A19103F-16F7-4668-BE54-9A1E7A4F7556}") = "Core.Application", "CorePackage\Core.Application\Core.Application.csproj", "{5B75D45E-39E5-4F70-B56C-858F0CFFDC9A}"
EndProject
Project("{9A19103F-16F7-4668-BE54-9A1E7A4F7556}") = "Core.CrossCuttingConcerns", "CorePackage\Core.CrossCuttingConcerns\Core.CrossCuttingConcerns.csproj", "{F23C86AC-D14C-4D8F-81A5-030CC055DB88}"
EndProject
Project("{9A19103F-16F7-4668-BE54-9A1E7A4F7556}") = "Core.Security", "CorePackage\Core.Security\Core.Security.csproj", "{97066197-AACF-4438-AC30-8974EDF1ED28}"
EndProject
Project("{FAE04EC0-301F-11D3-BF4B-00C04F79EFBC}") = "UpdateMovieService", "..\..\UpdateMovieService\UpdateMovieService\UpdateMovieService.csproj", "{85F45F91-BA94-43B0-9CAE-4DD9F98CE21F}"
EndProject
Global
	GlobalSection(SolutionConfigurationPlatforms) = preSolution
		Debug|Any CPU = Debug|Any CPU
		Release|Any CPU = Release|Any CPU
	EndGlobalSection
	GlobalSection(ProjectConfigurationPlatforms) = postSolution
		{688F45EE-0736-4A0C-8027-8FB803CEA9D9}.Debug|Any CPU.ActiveCfg = Debug|Any CPU
		{688F45EE-0736-4A0C-8027-8FB803CEA9D9}.Debug|Any CPU.Build.0 = Debug|Any CPU
		{688F45EE-0736-4A0C-8027-8FB803CEA9D9}.Release|Any CPU.ActiveCfg = Release|Any CPU
		{688F45EE-0736-4A0C-8027-8FB803CEA9D9}.Release|Any CPU.Build.0 = Release|Any CPU
		{FED59798-ABC7-49F8-B6F4-A36F3A19E4DE}.Debug|Any CPU.ActiveCfg = Debug|Any CPU
		{FED59798-ABC7-49F8-B6F4-A36F3A19E4DE}.Debug|Any CPU.Build.0 = Debug|Any CPU
		{FED59798-ABC7-49F8-B6F4-A36F3A19E4DE}.Release|Any CPU.ActiveCfg = Release|Any CPU
		{FED59798-ABC7-49F8-B6F4-A36F3A19E4DE}.Release|Any CPU.Build.0 = Release|Any CPU
		{09454024-A0C9-4443-A1E9-22684818348D}.Debug|Any CPU.ActiveCfg = Debug|Any CPU
		{09454024-A0C9-4443-A1E9-22684818348D}.Debug|Any CPU.Build.0 = Debug|Any CPU
		{09454024-A0C9-4443-A1E9-22684818348D}.Release|Any CPU.ActiveCfg = Release|Any CPU
		{09454024-A0C9-4443-A1E9-22684818348D}.Release|Any CPU.Build.0 = Release|Any CPU
		{13EB3A70-4DE4-4EF3-AEBC-769551C9B7AE}.Debug|Any CPU.ActiveCfg = Debug|Any CPU
		{13EB3A70-4DE4-4EF3-AEBC-769551C9B7AE}.Debug|Any CPU.Build.0 = Debug|Any CPU
		{13EB3A70-4DE4-4EF3-AEBC-769551C9B7AE}.Release|Any CPU.ActiveCfg = Release|Any CPU
		{13EB3A70-4DE4-4EF3-AEBC-769551C9B7AE}.Release|Any CPU.Build.0 = Release|Any CPU
		{E0609A4F-56D7-4FB3-9204-B34A1C0A1D9C}.Debug|Any CPU.ActiveCfg = Debug|Any CPU
		{E0609A4F-56D7-4FB3-9204-B34A1C0A1D9C}.Debug|Any CPU.Build.0 = Debug|Any CPU
		{E0609A4F-56D7-4FB3-9204-B34A1C0A1D9C}.Release|Any CPU.ActiveCfg = Release|Any CPU
		{E0609A4F-56D7-4FB3-9204-B34A1C0A1D9C}.Release|Any CPU.Build.0 = Release|Any CPU
		{5B75D45E-39E5-4F70-B56C-858F0CFFDC9A}.Debug|Any CPU.ActiveCfg = Debug|Any CPU
		{5B75D45E-39E5-4F70-B56C-858F0CFFDC9A}.Debug|Any CPU.Build.0 = Debug|Any CPU
		{5B75D45E-39E5-4F70-B56C-858F0CFFDC9A}.Release|Any CPU.ActiveCfg = Release|Any CPU
		{5B75D45E-39E5-4F70-B56C-858F0CFFDC9A}.Release|Any CPU.Build.0 = Release|Any CPU
		{F23C86AC-D14C-4D8F-81A5-030CC055DB88}.Debug|Any CPU.ActiveCfg = Debug|Any CPU
		{F23C86AC-D14C-4D8F-81A5-030CC055DB88}.Debug|Any CPU.Build.0 = Debug|Any CPU
		{F23C86AC-D14C-4D8F-81A5-030CC055DB88}.Release|Any CPU.ActiveCfg = Release|Any CPU
		{F23C86AC-D14C-4D8F-81A5-030CC055DB88}.Release|Any CPU.Build.0 = Release|Any CPU
		{97066197-AACF-4438-AC30-8974EDF1ED28}.Debug|Any CPU.ActiveCfg = Debug|Any CPU
		{97066197-AACF-4438-AC30-8974EDF1ED28}.Debug|Any CPU.Build.0 = Debug|Any CPU
		{97066197-AACF-4438-AC30-8974EDF1ED28}.Release|Any CPU.ActiveCfg = Release|Any CPU
		{97066197-AACF-4438-AC30-8974EDF1ED28}.Release|Any CPU.Build.0 = Release|Any CPU
		{85F45F91-BA94-43B0-9CAE-4DD9F98CE21F}.Debug|Any CPU.ActiveCfg = Debug|Any CPU
		{85F45F91-BA94-43B0-9CAE-4DD9F98CE21F}.Debug|Any CPU.Build.0 = Debug|Any CPU
		{85F45F91-BA94-43B0-9CAE-4DD9F98CE21F}.Release|Any CPU.ActiveCfg = Release|Any CPU
		{85F45F91-BA94-43B0-9CAE-4DD9F98CE21F}.Release|Any CPU.Build.0 = Release|Any CPU
	EndGlobalSection
	GlobalSection(SolutionProperties) = preSolution
		HideSolutionNode = FALSE
	EndGlobalSection
	GlobalSection(NestedProjects) = preSolution
		{688F45EE-0736-4A0C-8027-8FB803CEA9D9} = {634B0F80-211D-4DEA-8115-F24BE324A33D}
		{FED59798-ABC7-49F8-B6F4-A36F3A19E4DE} = {634B0F80-211D-4DEA-8115-F24BE324A33D}
		{09454024-A0C9-4443-A1E9-22684818348D} = {634B0F80-211D-4DEA-8115-F24BE324A33D}
		{13EB3A70-4DE4-4EF3-AEBC-769551C9B7AE} = {634B0F80-211D-4DEA-8115-F24BE324A33D}
		{E0609A4F-56D7-4FB3-9204-B34A1C0A1D9C} = {DFF2FEF7-3403-4AA8-B0DB-9CE8F97068E1}
		{5B75D45E-39E5-4F70-B56C-858F0CFFDC9A} = {DFF2FEF7-3403-4AA8-B0DB-9CE8F97068E1}
		{F23C86AC-D14C-4D8F-81A5-030CC055DB88} = {DFF2FEF7-3403-4AA8-B0DB-9CE8F97068E1}
		{97066197-AACF-4438-AC30-8974EDF1ED28} = {DFF2FEF7-3403-4AA8-B0DB-9CE8F97068E1}
	EndGlobalSection
	GlobalSection(ExtensibilityGlobals) = postSolution
		SolutionGuid = {3C3BDA18-7757-462E-8D5F-20241D6EAE3B}
	EndGlobalSection
EndGlobal
